// !$*UTF8*$!
{
	archiveVersion = 1;
	classes = {
	};
	objectVersion = 46;
	objects = {

/* Begin PBXBuildFile section */
		DB6098B8192E14F9005272ED /* EZVCustomCell.m in Sources */ = {isa = PBXBuildFile; fileRef = DB6098B7192E14F9005272ED /* EZVCustomCell.m */; };
		DB6098BA192E1572005272ED /* CustomCell.xib in Resources */ = {isa = PBXBuildFile; fileRef = DB6098B9192E1572005272ED /* CustomCell.xib */; };
		DB789AA2192DFDD400F15AFA /* Foundation.framework in Frameworks */ = {isa = PBXBuildFile; fileRef = DB789AA1192DFDD400F15AFA /* Foundation.framework */; };
		DB789AA4192DFDD400F15AFA /* CoreGraphics.framework in Frameworks */ = {isa = PBXBuildFile; fileRef = DB789AA3192DFDD400F15AFA /* CoreGraphics.framework */; };
		DB789AA6192DFDD400F15AFA /* UIKit.framework in Frameworks */ = {isa = PBXBuildFile; fileRef = DB789AA5192DFDD400F15AFA /* UIKit.framework */; };
		DB789AAC192DFDD400F15AFA /* InfoPlist.strings in Resources */ = {isa = PBXBuildFile; fileRef = DB789AAA192DFDD400F15AFA /* InfoPlist.strings */; };
		DB789AAE192DFDD500F15AFA /* main.m in Sources */ = {isa = PBXBuildFile; fileRef = DB789AAD192DFDD400F15AFA /* main.m */; };
		DB789AB2192DFDD500F15AFA /* EZVAppDelegate.m in Sources */ = {isa = PBXBuildFile; fileRef = DB789AB1192DFDD500F15AFA /* EZVAppDelegate.m */; };
		DB789AB4192DFDD500F15AFA /* Images.xcassets in Resources */ = {isa = PBXBuildFile; fileRef = DB789AB3192DFDD500F15AFA /* Images.xcassets */; };
		DB789ABB192DFDD500F15AFA /* XCTest.framework in Frameworks */ = {isa = PBXBuildFile; fileRef = DB789ABA192DFDD500F15AFA /* XCTest.framework */; };
		DB789ABC192DFDD500F15AFA /* Foundation.framework in Frameworks */ = {isa = PBXBuildFile; fileRef = DB789AA1192DFDD400F15AFA /* Foundation.framework */; };
		DB789ABD192DFDD500F15AFA /* UIKit.framework in Frameworks */ = {isa = PBXBuildFile; fileRef = DB789AA5192DFDD400F15AFA /* UIKit.framework */; };
		DB789AC5192DFDD500F15AFA /* InfoPlist.strings in Resources */ = {isa = PBXBuildFile; fileRef = DB789AC3192DFDD500F15AFA /* InfoPlist.strings */; };
		DB789AC7192DFDD500F15AFA /* TablasPowerTests.m in Sources */ = {isa = PBXBuildFile; fileRef = DB789AC6192DFDD500F15AFA /* TablasPowerTests.m */; };
		DB789AD2192DFE4900F15AFA /* Vino.m in Sources */ = {isa = PBXBuildFile; fileRef = DB789AD1192DFE4900F15AFA /* Vino.m */; };
		DB789AD5192DFF9900F15AFA /* EZVViewVinos.m in Sources */ = {isa = PBXBuildFile; fileRef = DB789AD4192DFF9900F15AFA /* EZVViewVinos.m */; };
/* End PBXBuildFile section */

/* Begin PBXContainerItemProxy section */
		DB789ABE192DFDD500F15AFA /* PBXContainerItemProxy */ = {
			isa = PBXContainerItemProxy;
			containerPortal = DB789A96192DFDD400F15AFA /* Project object */;
			proxyType = 1;
			remoteGlobalIDString = DB789A9D192DFDD400F15AFA;
			remoteInfo = TablasPower;
		};
/* End PBXContainerItemProxy section */

/* Begin PBXFileReference section */
		DB6098B6192E14F9005272ED /* EZVCustomCell.h */ = {isa = PBXFileReference; fileEncoding = 4; lastKnownFileType = sourcecode.c.h; path = EZVCustomCell.h; sourceTree = "<group>"; };
		DB6098B7192E14F9005272ED /* EZVCustomCell.m */ = {isa = PBXFileReference; fileEncoding = 4; lastKnownFileType = sourcecode.c.objc; path = EZVCustomCell.m; sourceTree = "<group>"; };
		DB6098B9192E1572005272ED /* CustomCell.xib */ = {isa = PBXFileReference; fileEncoding = 4; lastKnownFileType = file.xib; path = CustomCell.xib; sourceTree = "<group>"; };
		DB789A9E192DFDD400F15AFA /* TablasPower.app */ = {isa = PBXFileReference; explicitFileType = wrapper.application; includeInIndex = 0; path = TablasPower.app; sourceTree = BUILT_PRODUCTS_DIR; };
		DB789AA1192DFDD400F15AFA /* Foundation.framework */ = {isa = PBXFileReference; lastKnownFileType = wrapper.framework; name = Foundation.framework; path = System/Library/Frameworks/Foundation.framework; sourceTree = SDKROOT; };
		DB789AA3192DFDD400F15AFA /* CoreGraphics.framework */ = {isa = PBXFileReference; lastKnownFileType = wrapper.framework; name = CoreGraphics.framework; path = System/Library/Frameworks/CoreGraphics.framework; sourceTree = SDKROOT; };
		DB789AA5192DFDD400F15AFA /* UIKit.framework */ = {isa = PBXFileReference; lastKnownFileType = wrapper.framework; name = UIKit.framework; path = System/Library/Frameworks/UIKit.framework; sourceTree = SDKROOT; };
		DB789AA9192DFDD400F15AFA /* TablasPower-Info.plist */ = {isa = PBXFileReference; lastKnownFileType = text.plist.xml; path = "TablasPower-Info.plist"; sourceTree = "<group>"; };
		DB789AAB192DFDD400F15AFA /* en */ = {isa = PBXFileReference; lastKnownFileType = text.plist.strings; name = en; path = en.lproj/InfoPlist.strings; sourceTree = "<group>"; };
		DB789AAD192DFDD400F15AFA /* main.m */ = {isa = PBXFileReference; lastKnownFileType = sourcecode.c.objc; path = main.m; sourceTree = "<group>"; };
		DB789AAF192DFDD500F15AFA /* TablasPower-Prefix.pch */ = {isa = PBXFileReference; lastKnownFileType = sourcecode.c.h; path = "TablasPower-Prefix.pch"; sourceTree = "<group>"; };
		DB789AB0192DFDD500F15AFA /* EZVAppDelegate.h */ = {isa = PBXFileReference; lastKnownFileType = sourcecode.c.h; path = EZVAppDelegate.h; sourceTree = "<group>"; };
		DB789AB1192DFDD500F15AFA /* EZVAppDelegate.m */ = {isa = PBXFileReference; lastKnownFileType = sourcecode.c.objc; path = EZVAppDelegate.m; sourceTree = "<group>"; };
		DB789AB3192DFDD500F15AFA /* Images.xcassets */ = {isa = PBXFileReference; lastKnownFileType = folder.assetcatalog; path = Images.xcassets; sourceTree = "<group>"; };
		DB789AB9192DFDD500F15AFA /* TablasPowerTests.xctest */ = {isa = PBXFileReference; explicitFileType = wrapper.cfbundle; includeInIndex = 0; path = TablasPowerTests.xctest; sourceTree = BUILT_PRODUCTS_DIR; };
		DB789ABA192DFDD500F15AFA /* XCTest.framework */ = {isa = PBXFileReference; lastKnownFileType = wrapper.framework; name = XCTest.framework; path = Library/Frameworks/XCTest.framework; sourceTree = DEVELOPER_DIR; };
		DB789AC2192DFDD500F15AFA /* TablasPowerTests-Info.plist */ = {isa = PBXFileReference; lastKnownFileType = text.plist.xml; path = "TablasPowerTests-Info.plist"; sourceTree = "<group>"; };
		DB789AC4192DFDD500F15AFA /* en */ = {isa = PBXFileReference; lastKnownFileType = text.plist.strings; name = en; path = en.lproj/InfoPlist.strings; sourceTree = "<group>"; };
		DB789AC6192DFDD500F15AFA /* TablasPowerTests.m */ = {isa = PBXFileReference; lastKnownFileType = sourcecode.c.objc; path = TablasPowerTests.m; sourceTree = "<group>"; };
		DB789AD0192DFE4900F15AFA /* Vino.h */ = {isa = PBXFileReference; fileEncoding = 4; lastKnownFileType = sourcecode.c.h; path = Vino.h; sourceTree = "<group>"; };
		DB789AD1192DFE4900F15AFA /* Vino.m */ = {isa = PBXFileReference; fileEncoding = 4; lastKnownFileType = sourcecode.c.objc; path = Vino.m; sourceTree = "<group>"; };
		DB789AD3192DFF9900F15AFA /* EZVViewVinos.h */ = {isa = PBXFileReference; fileEncoding = 4; lastKnownFileType = sourcecode.c.h; path = EZVViewVinos.h; sourceTree = "<group>"; };
		DB789AD4192DFF9900F15AFA /* EZVViewVinos.m */ = {isa = PBXFileReference; fileEncoding = 4; lastKnownFileType = sourcecode.c.objc; path = EZVViewVinos.m; sourceTree = "<group>"; };
/* End PBXFileReference section */

/* Begin PBXFrameworksBuildPhase section */
		DB789A9B192DFDD400F15AFA /* Frameworks */ = {
			isa = PBXFrameworksBuildPhase;
			buildActionMask = 2147483647;
			files = (
				DB789AA4192DFDD400F15AFA /* CoreGraphics.framework in Frameworks */,
				DB789AA6192DFDD400F15AFA /* UIKit.framework in Frameworks */,
				DB789AA2192DFDD400F15AFA /* Foundation.framework in Frameworks */,
			);
			runOnlyForDeploymentPostprocessing = 0;
		};
		DB789AB6192DFDD500F15AFA /* Frameworks */ = {
			isa = PBXFrameworksBuildPhase;
			buildActionMask = 2147483647;
			files = (
				DB789ABB192DFDD500F15AFA /* XCTest.framework in Frameworks */,
				DB789ABD192DFDD500F15AFA /* UIKit.framework in Frameworks */,
				DB789ABC192DFDD500F15AFA /* Foundation.framework in Frameworks */,
			);
			runOnlyForDeploymentPostprocessing = 0;
		};
/* End PBXFrameworksBuildPhase section */

/* Begin PBXGroup section */
		DB789A95192DFDD400F15AFA = {
			isa = PBXGroup;
			children = (
				DB789AA7192DFDD400F15AFA /* TablasPower */,
				DB789AC0192DFDD500F15AFA /* TablasPowerTests */,
				DB789AA0192DFDD400F15AFA /* Frameworks */,
				DB789A9F192DFDD400F15AFA /* Products */,
			);
			sourceTree = "<group>";
		};
		DB789A9F192DFDD400F15AFA /* Products */ = {
			isa = PBXGroup;
			children = (
				DB789A9E192DFDD400F15AFA /* TablasPower.app */,
				DB789AB9192DFDD500F15AFA /* TablasPowerTests.xctest */,
			);
			name = Products;
			sourceTree = "<group>";
		};
		DB789AA0192DFDD400F15AFA /* Frameworks */ = {
			isa = PBXGroup;
			children = (
				DB789AA1192DFDD400F15AFA /* Foundation.framework */,
				DB789AA3192DFDD400F15AFA /* CoreGraphics.framework */,
				DB789AA5192DFDD400F15AFA /* UIKit.framework */,
				DB789ABA192DFDD500F15AFA /* XCTest.framework */,
			);
			name = Frameworks;
			sourceTree = "<group>";
		};
		DB789AA7192DFDD400F15AFA /* TablasPower */ = {
			isa = PBXGroup;
			children = (
				DB789AD0192DFE4900F15AFA /* Vino.h */,
				DB789AD1192DFE4900F15AFA /* Vino.m */,
				DB789AB0192DFDD500F15AFA /* EZVAppDelegate.h */,
				DB789AB1192DFDD500F15AFA /* EZVAppDelegate.m */,
				DB789AB3192DFDD500F15AFA /* Images.xcassets */,
				DB789AA8192DFDD400F15AFA /* Supporting Files */,
				DB789AD3192DFF9900F15AFA /* EZVViewVinos.h */,
				DB789AD4192DFF9900F15AFA /* EZVViewVinos.m */,
				DB6098B6192E14F9005272ED /* EZVCustomCell.h */,
				DB6098B9192E1572005272ED /* CustomCell.xib */,
				DB6098B7192E14F9005272ED /* EZVCustomCell.m */,
			);
			path = TablasPower;
			sourceTree = "<group>";
		};
		DB789AA8192DFDD400F15AFA /* Supporting Files */ = {
			isa = PBXGroup;
			children = (
				DB789AA9192DFDD400F15AFA /* TablasPower-Info.plist */,
				DB789AAA192DFDD400F15AFA /* InfoPlist.strings */,
				DB789AAD192DFDD400F15AFA /* main.m */,
				DB789AAF192DFDD500F15AFA /* TablasPower-Prefix.pch */,
			);
			name = "Supporting Files";
			sourceTree = "<group>";
		};
		DB789AC0192DFDD500F15AFA /* TablasPowerTests */ = {
			isa = PBXGroup;
			children = (
				DB789AC6192DFDD500F15AFA /* TablasPowerTests.m */,
				DB789AC1192DFDD500F15AFA /* Supporting Files */,
			);
			path = TablasPowerTests;
			sourceTree = "<group>";
		};
		DB789AC1192DFDD500F15AFA /* Supporting Files */ = {
			isa = PBXGroup;
			children = (
				DB789AC2192DFDD500F15AFA /* TablasPowerTests-Info.plist */,
				DB789AC3192DFDD500F15AFA /* InfoPlist.strings */,
			);
			name = "Supporting Files";
			sourceTree = "<group>";
		};
/* End PBXGroup section */

/* Begin PBXNativeTarget section */
		DB789A9D192DFDD400F15AFA /* TablasPower */ = {
			isa = PBXNativeTarget;
			buildConfigurationList = DB789ACA192DFDD500F15AFA /* Build configuration list for PBXNativeTarget "TablasPower" */;
			buildPhases = (
				DB789A9A192DFDD400F15AFA /* Sources */,
				DB789A9B192DFDD400F15AFA /* Frameworks */,
				DB789A9C192DFDD400F15AFA /* Resources */,
			);
			buildRules = (
			);
			dependencies = (
			);
			name = TablasPower;
			productName = TablasPower;
			productReference = DB789A9E192DFDD400F15AFA /* TablasPower.app */;
			productType = "com.apple.product-type.application";
		};
		DB789AB8192DFDD500F15AFA /* TablasPowerTests */ = {
			isa = PBXNativeTarget;
			buildConfigurationList = DB789ACD192DFDD500F15AFA /* Build configuration list for PBXNativeTarget "TablasPowerTests" */;
			buildPhases = (
				DB789AB5192DFDD500F15AFA /* Sources */,
				DB789AB6192DFDD500F15AFA /* Frameworks */,
				DB789AB7192DFDD500F15AFA /* Resources */,
			);
			buildRules = (
			);
			dependencies = (
				DB789ABF192DFDD500F15AFA /* PBXTargetDependency */,
			);
			name = TablasPowerTests;
			productName = TablasPowerTests;
			productReference = DB789AB9192DFDD500F15AFA /* TablasPowerTests.xctest */;
			productType = "com.apple.product-type.bundle.unit-test";
		};
/* End PBXNativeTarget section */

/* Begin PBXProject section */
		DB789A96192DFDD400F15AFA /* Project object */ = {
			isa = PBXProject;
			attributes = {
				CLASSPREFIX = EZV;
				LastUpgradeCheck = 0510;
				ORGANIZATIONNAME = Eurohelp;
				TargetAttributes = {
					DB789AB8192DFDD500F15AFA = {
						TestTargetID = DB789A9D192DFDD400F15AFA;
					};
				};
			};
			buildConfigurationList = DB789A99192DFDD400F15AFA /* Build configuration list for PBXProject "TablasPower" */;
			compatibilityVersion = "Xcode 3.2";
			developmentRegion = English;
			hasScannedForEncodings = 0;
			knownRegions = (
				en,
			);
			mainGroup = DB789A95192DFDD400F15AFA;
			productRefGroup = DB789A9F192DFDD400F15AFA /* Products */;
			projectDirPath = "";
			projectRoot = "";
			targets = (
				DB789A9D192DFDD400F15AFA /* TablasPower */,
				DB789AB8192DFDD500F15AFA /* TablasPowerTests */,
			);
		};
/* End PBXProject section */

/* Begin PBXResourcesBuildPhase section */
		DB789A9C192DFDD400F15AFA /* Resources */ = {
			isa = PBXResourcesBuildPhase;
			buildActionMask = 2147483647;
			files = (
				DB6098BA192E1572005272ED /* CustomCell.xib in Resources */,
				DB789AAC192DFDD400F15AFA /* InfoPlist.strings in Resources */,
				DB789AB4192DFDD500F15AFA /* Images.xcassets in Resources */,
			);
			runOnlyForDeploymentPostprocessing = 0;
		};
		DB789AB7192DFDD500F15AFA /* Resources */ = {
			isa = PBXResourcesBuildPhase;
			buildActionMask = 2147483647;
			files = (
				DB789AC5192DFDD500F15AFA /* InfoPlist.strings in Resources */,
			);
			runOnlyForDeploymentPostprocessing = 0;
		};
/* End PBXResourcesBuildPhase section */

/* Begin PBXSourcesBuildPhase section */
		DB789A9A192DFDD400F15AFA /* Sources */ = {
			isa = PBXSourcesBuildPhase;
			buildActionMask = 2147483647;
			files = (
				DB6098B8192E14F9005272ED /* EZVCustomCell.m in Sources */,
				DB789AD5192DFF9900F15AFA /* EZVViewVinos.m in Sources */,
				DB789AB2192DFDD500F15AFA /* EZVAppDelegate.m in Sources */,
				DB789AD2192DFE4900F15AFA /* Vino.m in Sources */,
				DB789AAE192DFDD500F15AFA /* main.m in Sources */,
			);
			runOnlyForDeploymentPostprocessing = 0;
		};
		DB789AB5192DFDD500F15AFA /* Sources */ = {
			isa = PBXSourcesBuildPhase;
			buildActionMask = 2147483647;
			files = (
				DB789AC7192DFDD500F15AFA /* TablasPowerTests.m in Sources */,
			);
			runOnlyForDeploymentPostprocessing = 0;
		};
/* End PBXSourcesBuildPhase section */

/* Begin PBXTargetDependency section */
		DB789ABF192DFDD500F15AFA /* PBXTargetDependency */ = {
			isa = PBXTargetDependency;
			target = DB789A9D192DFDD400F15AFA /* TablasPower */;
			targetProxy = DB789ABE192DFDD500F15AFA /* PBXContainerItemProxy */;
		};
/* End PBXTargetDependency section */

/* Begin PBXVariantGroup section */
		DB789AAA192DFDD400F15AFA /* InfoPlist.strings */ = {
			isa = PBXVariantGroup;
			children = (
				DB789AAB192DFDD400F15AFA /* en */,
			);
			name = InfoPlist.strings;
			sourceTree = "<group>";
		};
		DB789AC3192DFDD500F15AFA /* InfoPlist.strings */ = {
			isa = PBXVariantGroup;
			children = (
				DB789AC4192DFDD500F15AFA /* en */,
			);
			name = InfoPlist.strings;
			sourceTree = "<group>";
		};
/* End PBXVariantGroup section */

/* Begin XCBuildConfiguration section */
		DB789AC8192DFDD500F15AFA /* Debug */ = {
			isa = XCBuildConfiguration;
			buildSettings = {
				ALWAYS_SEARCH_USER_PATHS = NO;
				CLANG_CXX_LANGUAGE_STANDARD = "gnu++0x";
				CLANG_CXX_LIBRARY = "libc++";
				CLANG_ENABLE_MODULES = YES;
				CLANG_ENABLE_OBJC_ARC = YES;
				CLANG_WARN_BOOL_CONVERSION = YES;
				CLANG_WARN_CONSTANT_CONVERSION = YES;
				CLANG_WARN_DIRECT_OBJC_ISA_USAGE = YES_ERROR;
				CLANG_WARN_EMPTY_BODY = YES;
				CLANG_WARN_ENUM_CONVERSION = YES;
				CLANG_WARN_INT_CONVERSION = YES;
				CLANG_WARN_OBJC_ROOT_CLASS = YES_ERROR;
				CLANG_WARN__DUPLICATE_METHOD_MATCH = YES;
				"CODE_SIGN_IDENTITY[sdk=iphoneos*]" = "iPhone Developer";
				COPY_PHASE_STRIP = NO;
				GCC_C_LANGUAGE_STANDARD = gnu99;
				GCC_DYNAMIC_NO_PIC = NO;
				GCC_OPTIMIZATION_LEVEL = 0;
				GCC_PREPROCESSOR_DEFINITIONS = (
					"DEBUG=1",
					"$(inherited)",
				);
				GCC_SYMBOLS_PRIVATE_EXTERN = NO;
				GCC_WARN_64_TO_32_BIT_CONVERSION = YES;
				GCC_WARN_ABOUT_RETURN_TYPE = YES_ERROR;
				GCC_WARN_UNDECLARED_SELECTOR = YES;
				GCC_WARN_UNINITIALIZED_AUTOS = YES_AGGRESSIVE;
				GCC_WARN_UNUSED_FUNCTION = YES;
				GCC_WARN_UNUSED_VARIABLE = YES;
				IPHONEOS_DEPLOYMENT_TARGET = 7.1;
				ONLY_ACTIVE_ARCH = YES;
				SDKROOT = iphoneos;
			};
			name = Debug;
		};
		DB789AC9192DFDD500F15AFA /* Release */ = {
			isa = XCBuildConfiguration;
			buildSettings = {
				ALWAYS_SEARCH_USER_PATHS = NO;
				CLANG_CXX_LANGUAGE_STANDARD = "gnu++0x";
				CLANG_CXX_LIBRARY = "libc++";
				CLANG_ENABLE_MODULES = YES;
				CLANG_ENABLE_OBJC_ARC = YES;
				CLANG_WARN_BOOL_CONVERSION = YES;
				CLANG_WARN_CONSTANT_CONVERSION = YES;
				CLANG_WARN_DIRECT_OBJC_ISA_USAGE = YES_ERROR;
				CLANG_WARN_EMPTY_BODY = YES;
				CLANG_WARN_ENUM_CONVERSION = YES;
				CLANG_WARN_INT_CONVERSION = YES;
				CLANG_WARN_OBJC_ROOT_CLASS = YES_ERROR;
				CLANG_WARN__DUPLICATE_METHOD_MATCH = YES;
				"CODE_SIGN_IDENTITY[sdk=iphoneos*]" = "iPhone Developer";
				COPY_PHASE_STRIP = YES;
				ENABLE_NS_ASSERTIONS = NO;
				GCC_C_LANGUAGE_STANDARD = gnu99;
				GCC_WARN_64_TO_32_BIT_CONVERSION = YES;
				GCC_WARN_ABOUT_RETURN_TYPE = YES_ERROR;
				GCC_WARN_UNDECLARED_SELECTOR = YES;
				GCC_WARN_UNINITIALIZED_AUTOS = YES_AGGRESSIVE;
				GCC_WARN_UNUSED_FUNCTION = YES;
				GCC_WARN_UNUSED_VARIABLE = YES;
				IPHONEOS_DEPLOYMENT_TARGET = 7.1;
				SDKROOT = iphoneos;
				VALIDATE_PRODUCT = YES;
			};
			name = Release;
		};
		DB789ACB192DFDD500F15AFA /* Debug */ = {
			isa = XCBuildConfiguration;
			buildSettings = {
				ASSETCATALOG_COMPILER_APPICON_NAME = AppIcon;
				ASSETCATALOG_COMPILER_LAUNCHIMAGE_NAME = LaunchImage;
				GCC_PRECOMPILE_PREFIX_HEADER = YES;
				GCC_PREFIX_HEADER = "TablasPower/TablasPower-Prefix.pch";
				INFOPLIST_FILE = "TablasPower/TablasPower-Info.plist";
				PRODUCT_NAME = "$(TARGET_NAME)";
				WRAPPER_EXTENSION = app;
			};
			name = Debug;
		};
		DB789ACC192DFDD500F15AFA /* Release */ = {
			isa = XCBuildConfiguration;
			buildSettings = {
				ASSETCATALOG_COMPILER_APPICON_NAME = AppIcon;
				ASSETCATALOG_COMPILER_LAUNCHIMAGE_NAME = LaunchImage;
				GCC_PRECOMPILE_PREFIX_HEADER = YES;
				GCC_PREFIX_HEADER = "TablasPower/TablasPower-Prefix.pch";
				INFOPLIST_FILE = "TablasPower/TablasPower-Info.plist";
				PRODUCT_NAME = "$(TARGET_NAME)";
				WRAPPER_EXTENSION = app;
			};
			name = Release;
		};
		DB789ACE192DFDD500F15AFA /* Debug */ = {
			isa = XCBuildConfiguration;
			buildSettings = {
				BUNDLE_LOADER = "$(BUILT_PRODUCTS_DIR)/TablasPower.app/TablasPower";
				FRAMEWORK_SEARCH_PATHS = (
					"$(SDKROOT)/Developer/Library/Frameworks",
					"$(inherited)",
					"$(DEVELOPER_FRAMEWORKS_DIR)",
				);
				GCC_PRECOMPILE_PREFIX_HEADER = YES;
				GCC_PREFIX_HEADER = "TablasPower/TablasPower-Prefix.pch";
				GCC_PREPROCESSOR_DEFINITIONS = (
					"DEBUG=1",
					"$(inherited)",
				);
				INFOPLIST_FILE = "TablasPowerTests/TablasPowerTests-Info.plist";
				PRODUCT_NAME = "$(TARGET_NAME)";
				TEST_HOST = "$(BUNDLE_LOADER)";
				WRAPPER_EXTENSION = xctest;
			};
			name = Debug;
		};
		DB789ACF192DFDD500F15AFA /* Release */ = {
			isa = XCBuildConfiguration;
			buildSettings = {
				BUNDLE_LOADER = "$(BUILT_PRODUCTS_DIR)/TablasPower.app/TablasPower";
				FRAMEWORK_SEARCH_PATHS = (
					"$(SDKROOT)/Developer/Library/Frameworks",
					"$(inherited)",
					"$(DEVELOPER_FRAMEWORKS_DIR)",
				);
				GCC_PRECOMPILE_PREFIX_HEADER = YES;
				GCC_PREFIX_HEADER = "TablasPower/TablasPower-Prefix.pch";
				INFOPLIST_FILE = "TablasPowerTests/TablasPowerTests-Info.plist";
				PRODUCT_NAME = "$(TARGET_NAME)";
				TEST_HOST = "$(BUNDLE_LOADER)";
				WRAPPER_EXTENSION = xctest;
			};
			name = Release;
		};
/* End XCBuildConfiguration section */

/* Begin XCConfigurationList section */
		DB789A99192DFDD400F15AFA /* Build configuration list for PBXProject "TablasPower" */ = {
			isa = XCConfigurationList;
			buildConfigurations = (
				DB789AC8192DFDD500F15AFA /* Debug */,
				DB789AC9192DFDD500F15AFA /* Release */,
			);
			defaultConfigurationIsVisible = 0;
			defaultConfigurationName = Release;
		};
		DB789ACA192DFDD500F15AFA /* Build configuration list for PBXNativeTarget "TablasPower" */ = {
			isa = XCConfigurationList;
			buildConfigurations = (
				DB789ACB192DFDD500F15AFA /* Debug */,
				DB789ACC192DFDD500F15AFA /* Release */,
			);
			defaultConfigurationIsVisible = 0;
			defaultConfigurationName = Release;
		};
		DB789ACD192DFDD500F15AFA /* Build configuration list for PBXNativeTarget "TablasPowerTests" */ = {
			isa = XCConfigurationList;
			buildConfigurations = (
				DB789ACE192DFDD500F15AFA /* Debug */,
				DB789ACF192DFDD500F15AFA /* Release */,
			);
			defaultConfigurationIsVisible = 0;
			defaultConfigurationName = Release;
		};
/* End XCConfigurationList section */
	};
	rootObject = DB789A96192DFDD400F15AFA /* Project object */;
}
